# THIS IS AN AUTOGENERATED FILE. DO NOT EDIT THIS FILE DIRECTLY.
# yarn lockfile v1


"@types/node@^16.10.1":
  version "16.10.1"
  resolved "https://registry.yarnpkg.com/@types/node/-/node-16.10.1.tgz#f3647623199ca920960006b3dccf633ea905f243"
  integrity sha512-4/Z9DMPKFexZj/Gn3LylFgamNKHm4K3QDi0gz9B26Uk0c8izYf97B5fxfpspMNkWlFupblKM/nV8+NA9Ffvr+w==

colorette@^1.2.2:
  version "1.4.0"
  resolved "https://registry.yarnpkg.com/colorette/-/colorette-1.4.0.tgz#5190fbb87276259a86ad700bff2c6d6faa3fca40"
  integrity sha512-Y2oEozpomLn7Q3HFP7dpww7AtMJplbM9lGZP6RDfHqmbeRjiwRg4n6VM6j4KLmRke85uWEI7JqF17f3pqdRA0g==

esbuild-android-arm64@0.13.2:
  version "0.13.2"
  resolved "https://registry.yarnpkg.com/esbuild-android-arm64/-/esbuild-android-arm64-0.13.2.tgz#7f00f620d1fc3fb2d6b5b8a6a80b1bdd15d4e6c6"
  integrity sha512-Eh2paXUWYqf5JgikdkC0LnhtjSC8tGAz/L2kJRlMC0o3DzOBIxcmT2fdzBerdhW4roY0bOExfcO6deI1qsxI/A==

esbuild-darwin-64@0.13.2:
  version "0.13.2"
  resolved "https://registry.yarnpkg.com/esbuild-darwin-64/-/esbuild-darwin-64-0.13.2.tgz#e844c7ea708ca791d172300009db27ae4229390d"
  integrity sha512-jqp6uXHIIAWZ8kxRqFjxyMmIE1cuSbINellwwigOgk44eLg74ls82oqjY72MbDAowPivQkOU/fF7tsyaGQf5Zg==

esbuild-darwin-arm64@0.13.2:
  version "0.13.2"
  resolved "https://registry.yarnpkg.com/esbuild-darwin-arm64/-/esbuild-darwin-arm64-0.13.2.tgz#2bc42bc24a3a9779fe5569d5f2ab4c39bd3483b7"
  integrity sha512-bD4oAyPZdzOWEA/JoX0sAitOhjJRwhomhWMeyRyowtlVQhQleG2ijRUKTvkq4CAvSobrW5EnZxjvHNKJ5L7zJg==

esbuild-freebsd-64@0.13.2:
  version "0.13.2"
  resolved "https://registry.yarnpkg.com/esbuild-freebsd-64/-/esbuild-freebsd-64-0.13.2.tgz#f2f20c45cd3998bbb8dff1f249cb38aa459c73ad"
  integrity sha512-fFJ0yc3lZyfwca+F5OPN/s+izozWryUQpN8aUMIdUkOa7UKX0h3xXrKnkDgdOo8vy3d1A6zHH0/4f2VJfEzLCg==

esbuild-freebsd-arm64@0.13.2:
  version "0.13.2"
  resolved "https://registry.yarnpkg.com/esbuild-freebsd-arm64/-/esbuild-freebsd-arm64-0.13.2.tgz#ae364988459110f51e9f37773dfb7cc10931c971"
  integrity sha512-DWBZauEfjmqdfWxIacI+KBEim3ulOjtvK+WVm1bX67XlfyUVIkD915OIfT2EBhQUWmv+Z0tZZwskSMNj5DKojw==

esbuild-linux-32@0.13.2:
  version "0.13.2"
  resolved "https://registry.yarnpkg.com/esbuild-linux-32/-/esbuild-linux-32-0.13.2.tgz#e95aa1f16037ca7e7313fd1a0dca296719b39b1b"
  integrity sha512-Gt2rNqqRCRh1QQC2d83KP0iWIXWQYpns7l2+41a1n0PQxXkQ5AarpjjL9mUzdXtcZauNXbUvWwBKAuBTCW+XQg==

esbuild-linux-64@0.13.2:
  version "0.13.2"
  resolved "https://registry.yarnpkg.com/esbuild-linux-64/-/esbuild-linux-64-0.13.2.tgz#4b4b314daff70f94411487801641687f771a7528"
  integrity sha512-yT0D5Xly8oGHuqq975k1XUyULHzk3fN/ZlTY+awlU+nCFsYPZ43NE5msGpxlNQu8i6KOXQEke5GXN3y5d+Zd4g==

esbuild-linux-arm64@0.13.2:
  version "0.13.2"
  resolved "https://registry.yarnpkg.com/esbuild-linux-arm64/-/esbuild-linux-arm64-0.13.2.tgz#170ba8807c1a5e44e98cbe66d333a355ed26933a"
  integrity sha512-qwXL+3NDCWiC8RMKBBETpuOWdC+pUAUS+pwg9jJmapYblLdVKkyRtwF/ogj06TdYs6riSSNikW8HK/Xs0HHbbQ==

esbuild-linux-arm@0.13.2:
  version "0.13.2"
  resolved "https://registry.yarnpkg.com/esbuild-linux-arm/-/esbuild-linux-arm-0.13.2.tgz#50731067c280dc77a60526e99a23260a38b41868"
  integrity sha512-KXeyotqj9jbvCjbSpwnxDE8E8jKoBgrgbJpOvvY5Zz7Pp2fAwu/94vWQtE/jPEJndY4C4MSs+ryJLFWzmLOa4w==

esbuild-linux-mips64le@0.13.2:
  version "0.13.2"
  resolved "https://registry.yarnpkg.com/esbuild-linux-mips64le/-/esbuild-linux-mips64le-0.13.2.tgz#030945ccde601f2ce1b70f3aa22240128047be05"
  integrity sha512-sx8eheRX2XC2ppNAsbQm8/VUcU8XPYGpJK0BEyRefqHONz6u5Ib2guUdOz2Wh4YlbA7oOd482lHjprXSTwUcrQ==

esbuild-linux-ppc64le@0.13.2:
  version "0.13.2"
  resolved "https://registry.yarnpkg.com/esbuild-linux-ppc64le/-/esbuild-linux-ppc64le-0.13.2.tgz#1a028df8caa5e0423d93217b9b4515d879007d07"
  integrity sha512-y8iZ3qy2TIAKKsZ6xSopCztHOtGW9oiYDl22vQ0UIoVWjnfRKrbSzX7Y2F94y32hSvRWle6OhAIC+UpS5nQmIA==

esbuild-openbsd-64@0.13.2:
  version "0.13.2"
  resolved "https://registry.yarnpkg.com/esbuild-openbsd-64/-/esbuild-openbsd-64-0.13.2.tgz#13bbcfc37806b68116e5669e03782e501c5c0720"
  integrity sha512-g6AYrjBeV9OK624bw0KQ1TjHJQSW+X1Yicyd1NvDWqSFpMqKAjw7EUX4tA87mOFqv8BflPGr4f43ySgNvSVzIw==

esbuild-register@^3.0.0:
  version "3.0.0"
  resolved "https://registry.yarnpkg.com/esbuild-register/-/esbuild-register-3.0.0.tgz#874156f95cac7c1720d6d24cbd78c599bf35ac74"
  integrity sha512-No7U3ZUd6gPrrC6gqdb3XFcf2lNqzn8nvQXcgcyOl8szMVuN6YUvOplnmakxWyogI9d8SiJMl0uzBzJck+Aoxw==
  dependencies:
    jsonc-parser "^3.0.0"

esbuild-sunos-64@0.13.2:
  version "0.13.2"
  resolved "https://registry.yarnpkg.com/esbuild-sunos-64/-/esbuild-sunos-64-0.13.2.tgz#e23cfc6222527940ca6da0a592be0de05ab6e1ad"
  integrity sha512-hIXvFIyrqwFd6v62XSra0ctCUXDS9Tu5D6QYbvnbhEoBmvD/TmEJRYRH48/+xmRifKJLzu6aegcrjAsDmaww7g==

esbuild-windows-32@0.13.2:
  version "0.13.2"
  resolved "https://registry.yarnpkg.com/esbuild-windows-32/-/esbuild-windows-32-0.13.2.tgz#d45f1480c6ee933065a8e9cb9849ef0d70aeb7e7"
  integrity sha512-Y767LG0NFkw0sPoDVOTKC5gaj4vURjjWfSCCDV5awpXXxBKOF2zsIp3aia4KvVoivoSSeRPk3emDd0OPHuPrKg==

esbuild-windows-64@0.13.2:
  version "0.13.2"
  resolved "https://registry.yarnpkg.com/esbuild-windows-64/-/esbuild-windows-64-0.13.2.tgz#c2e78f863e3f071f3e114afd9cd84222926cf2b3"
  integrity sha512-01b59kVJUMasctn6lzswC0drchr7zO75QtF22o5w0nlOw0Zorw0loY/8i5choFuWc30gXJId9qBSc1zPvt7uEw==

esbuild-windows-arm64@0.13.2:
  version "0.13.2"
  resolved "https://registry.yarnpkg.com/esbuild-windows-arm64/-/esbuild-windows-arm64-0.13.2.tgz#15dc550c07c0ec078ca704e1d31cf84e6d4ad8ed"
  integrity sha512-HxyY604ytmh8NkPYyS1TdIB/bFS7DWd1hP90e8Ovo/elEdN5I13h0tyIatDYZkXKS0Ztk+9T/3h6K0fI1a/4tQ==

esbuild@^0.12.17:
  version "0.12.28"
  resolved "https://registry.yarnpkg.com/esbuild/-/esbuild-0.12.28.tgz#84da0d2a0d0dee181281545271e0d65cf6fab1ef"
  integrity sha512-pZ0FrWZXlvQOATlp14lRSk1N9GkeJ3vLIwOcUoo3ICQn9WNR4rWoNi81pbn6sC1iYUy7QPqNzI3+AEzokwyVcA==

esbuild@^0.13.2:
  version "0.13.2"
  resolved "https://registry.yarnpkg.com/esbuild/-/esbuild-0.13.2.tgz#f7d9ee4d102601097b0b424f3322cd25351870c5"
  integrity sha512-/tpIqo45hyRREGqh7hsIut8GwY1X2n9IhKbIwRIXUO6IohzG3/RarSGX7dT2eNvYzIbQmelpX+ZyuIphE5u+Bw==
  optionalDependencies:
    esbuild-android-arm64 "0.13.2"
    esbuild-darwin-64 "0.13.2"
    esbuild-darwin-arm64 "0.13.2"
    esbuild-freebsd-64 "0.13.2"
    esbuild-freebsd-arm64 "0.13.2"
    esbuild-linux-32 "0.13.2"
    esbuild-linux-64 "0.13.2"
    esbuild-linux-arm "0.13.2"
    esbuild-linux-arm64 "0.13.2"
    esbuild-linux-mips64le "0.13.2"
    esbuild-linux-ppc64le "0.13.2"
    esbuild-openbsd-64 "0.13.2"
    esbuild-sunos-64 "0.13.2"
    esbuild-windows-32 "0.13.2"
    esbuild-windows-64 "0.13.2"
    esbuild-windows-arm64 "0.13.2"

fsevents@~2.3.2:
  version "2.3.2"
  resolved "https://registry.yarnpkg.com/fsevents/-/fsevents-2.3.2.tgz#8a526f78b8fdf4623b709e0b975c52c24c02fd1a"
  integrity sha512-xiqMQR4xAeHTuB9uWm+fFRcIOgKBMiOBP+eXiyT7jsgVCq1bkVygt00oASowB7EdtpOHaaPgKt812P9ab+DDKA==

function-bind@^1.1.1:
  version "1.1.1"
  resolved "https://registry.yarnpkg.com/function-bind/-/function-bind-1.1.1.tgz#a56899d3ea3c9bab874bb9773b7c5ede92f4895d"
  integrity sha512-yIovAzMX49sF8Yl58fSCWJ5svSLuaibPxXQJFLmBObTuCr0Mf1KiPopGM9NiFjiYBCbfaa2Fh6breQ6ANVTI0A==

has@^1.0.3:
  version "1.0.3"
  resolved "https://registry.yarnpkg.com/has/-/has-1.0.3.tgz#722d7cbfc1f6aa8241f16dd814e011e1f41e8796"
  integrity sha512-f2dvO0VU6Oej7RkWJGrehjbzMAjFp5/VKPp5tTpWIV4JHHZK1/BxbFRtf/siA2SWTe09caDmVtYYzWEIbBS4zw==
  dependencies:
    function-bind "^1.1.1"

is-core-module@^2.2.0:
  version "2.6.0"
  resolved "https://registry.yarnpkg.com/is-core-module/-/is-core-module-2.6.0.tgz#d7553b2526fe59b92ba3e40c8df757ec8a709e19"
  integrity sha512-wShG8vs60jKfPWpF2KZRaAtvt3a20OAn7+IJ6hLPECpSABLcKtFKTTI4ZtH5QcBruBHlq+WsdHWyz0BCZW7svQ==
  dependencies:
    has "^1.0.3"

jsonc-parser@^3.0.0:
  version "3.0.0"
  resolved "https://registry.yarnpkg.com/jsonc-parser/-/jsonc-parser-3.0.0.tgz#abdd785701c7e7eaca8a9ec8cf070ca51a745a22"
  integrity sha512-fQzRfAbIBnR0IQvftw9FJveWiHp72Fg20giDrHz6TdfB12UH/uue0D3hm57UB5KgAVuniLMCaS8P1IMj9NR7cA==

nanoid@^3.1.23:
  version "3.1.25"
  resolved "https://registry.yarnpkg.com/nanoid/-/nanoid-3.1.25.tgz#09ca32747c0e543f0e1814b7d3793477f9c8e152"
  integrity sha512-rdwtIXaXCLFAQbnfqDRnI6jaRHp9fTcYBjtFKE8eezcZ7LuLjhUaQGNeMXf1HmRoCH32CLz6XwX0TtxEOS/A3Q==

path-parse@^1.0.6:
  version "1.0.7"
  resolved "https://registry.yarnpkg.com/path-parse/-/path-parse-1.0.7.tgz#fbc114b60ca42b30d9daf5858e4bd68bbedb6735"
  integrity sha512-LDJzPVEEEPR+y48z93A0Ed0yXb8pAByGWo/k5YYdYgpY2/2EsOsksJrq7lOHxryrVOn1ejG6oAp8ahvOIQD8sw==

postcss@^8.3.6:
  version "8.3.6"
  resolved "https://registry.yarnpkg.com/postcss/-/postcss-8.3.6.tgz#2730dd76a97969f37f53b9a6096197be311cc4ea"
  integrity sha512-wG1cc/JhRgdqB6WHEuyLTedf3KIRuD0hG6ldkFEZNCjRxiC+3i6kkWUUbiJQayP28iwG35cEmAbe98585BYV0A==
  dependencies:
    colorette "^1.2.2"
    nanoid "^3.1.23"
    source-map-js "^0.6.2"

resolve@^1.20.0:
  version "1.20.0"
  resolved "https://registry.yarnpkg.com/resolve/-/resolve-1.20.0.tgz#629a013fb3f70755d6f0b7935cc1c2c5378b1975"
  integrity sha512-wENBPt4ySzg4ybFQW2TT1zMQucPK95HSh/nq2CFTZVOGut2+pQvSsgtda4d26YrYcr067wjbmzOG8byDPBX63A==
  dependencies:
    is-core-module "^2.2.0"
    path-parse "^1.0.6"

rollup@^2.38.5:
  version "2.56.3"
  resolved "https://registry.yarnpkg.com/rollup/-/rollup-2.56.3.tgz#b63edadd9851b0d618a6d0e6af8201955a77aeff"
  integrity sha512-Au92NuznFklgQCUcV96iXlxUbHuB1vQMaH76DHl5M11TotjOHwqk9CwcrT78+Tnv4FN9uTBxq6p4EJoYkpyekg==
  optionalDependencies:
    fsevents "~2.3.2"

source-map-js@^0.6.2:
  version "0.6.2"
  resolved "https://registry.yarnpkg.com/source-map-js/-/source-map-js-0.6.2.tgz#0bb5de631b41cfbda6cfba8bd05a80efdfd2385e"
  integrity sha512-/3GptzWzu0+0MBQFrDKzw/DvvMTUORvgY6k6jd/VS6iCR4RDTKWH6v6WPwQoUO8667uQEf9Oe38DxAYWY5F/Ug==

typescript@^4.3.2:
  version "4.4.3"
  resolved "https://registry.yarnpkg.com/typescript/-/typescript-4.4.3.tgz#bdc5407caa2b109efd4f82fe130656f977a29324"
  integrity sha512-4xfscpisVgqqDfPaJo5vkd+Qd/ItkoagnHpufr+i2QCHBsNYp+G7UAoyFl8aPtx879u38wPV65rZ8qbGZijalA==

vite@^2.4.2:
  version "2.5.7"
  resolved "https://registry.yarnpkg.com/vite/-/vite-2.5.7.tgz#e495be9d8bcbf9d30c7141efdccacde746ee0125"
  integrity sha512-hyUoWmRPhjN1aI+ZSBqDINKdIq7aokHE2ZXiztOg4YlmtpeQtMwMeyxv6X9YxHZmvGzg/js/eATM9Z1nwyakxg==
  dependencies:
    esbuild "^0.12.17"
    postcss "^8.3.6"
    resolve "^1.20.0"
    rollup "^2.38.5"
  optionalDependencies:
    fsevents "~2.3.2"
